uuid: 1eb58e97-6926-4216-82ea-d29f5715f0df
langcode: en
status: true
dependencies:
  module:
    - grants_handler
    - node
    - user
  theme:
    - hdbt_subtheme
id: servicepageauthblock
theme: hdbt_subtheme
region: sidebar_first
weight: -16
provider: null
plugin: grants_handler_service_page_auth_block
settings:
  id: grants_handler_service_page_auth_block
  label: 'Hae avustusta'
  label_display: visible
  provider: grants_handler
  foo: 'Tämä on esimerkkiteksti joka ei varmaankaan näy missään, mutta tähän voidaan halutesssa lisätä jotain tekstiä / elementtejä lohkolle.'
visibility:
  'entity_bundle:node':
    id: 'entity_bundle:node'
    negate: false
    context_mapping:
      node: '@node.node_route_context:node'
    bundles:
      service: service
  user_role:
    id: user_role
    negate: false
    context_mapping:
      user: '@user.current_user_context:current_user'
    roles:
      helsinkiprofiili: helsinkiprofiili
